github.com/franela/goblin v0.0.0-20200404164657-567a4070c437/go.mod h1:VzmDKDJVZI3aJmnRI9VjAn9nJ8qPPsN1fqzr9dqInIo=
github.com/franela/goblin v0.0.0-20211003143422-0a4f594942bf h1:NrF81UtW8gG2LBGkXFQFqlfNnvMt9WdB46sfdJY4oqc=
github.com/franela/goblin v0.0.0-20211003143422-0a4f594942bf/go.mod h1:VzmDKDJVZI3aJmnRI9VjAn9nJ8qPPsN1fqzr9dqInIo=
github.com/intdxdt/cmp v0.0.0-20171102110413-58dfeb370ea5 h1:MUMTPeXxc2eWV8qQPGG+7EXdBCWbcsvvWXF/WKleCUE=
github.com/intdxdt/cmp v0.0.0-20171102110413-58dfeb370ea5/go.mod h1:2hCobpYhPtwa+ghiz9vRqIkJlqj7dAns+cGe7UWgwMs=
github.com/intdxdt/cmp v1.0.0 h1:/maS8/ggnklxBmK5BSyB58HumjS5VtCJiM2K2SMvc0c=
github.com/intdxdt/cmp v1.0.0/go.mod h1:6dawtInL7ZFFaHJmE7Puj7b9qfPGUxYd81jqo3z9wJw=
github.com/intdxdt/dbits v0.0.0-20171026062838-f7e9caad92f4 h1:JtTERsC6K14AQmJmveJBi8iaLzxmGzgKmQjwYKgue6I=
github.com/intdxdt/dbits v0.0.0-20171026062838-f7e9caad92f4/go.mod h1:GLKbRshq9XwOsyiyfx2vRXbKAeDBwo8uNb6pLPDipr4=
github.com/intdxdt/dbits v1.0.0/go.mod h1:qWY/+f1r0hePqFtMvbb1UnM5qWb5ppGmi+2XgJ1VWVQ=
github.com/intdxdt/heap v0.0.0-20180830201411-bfa61463ae8b h1:bhxl74DHXv67coECwjBhxYaR7AyLz/dp4iCZBMelgQE=
github.com/intdxdt/heap v0.0.0-20180830201411-bfa61463ae8b/go.mod h1:rftfIJ/6uLm3AYAFvmGu4Z017rZVaOrQ2Qsnjl2wKNs=
github.com/intdxdt/math v1.0.0 h1:zjwziZDSJwuxg6gTY12U2cDoZpAt3sFlpbJzFMaD4qk=
github.com/intdxdt/math v1.0.0/go.mod h1:/iQnUD7sXRLoOziKeJ628KqhSF3GQi7HdQ3LsbgiKpk=
github.com/intdxdt/math v1.2.0 h1:LSRbFa0FbkzuAdDXUKPfIoAqR/dUixilrl48kWhWsEM=
github.com/intdxdt/math v1.2.0/go.mod h1:CxiArl7TMvQ7/U3erUtH6NIa58MAHcAQ5X2sjWXpHn8=
github.com/intdxdt/mbr v1.0.0 h1:e6ojEZTyuKZcTw9Epy7W+CCj9FJ99bOuHwiN08kAnEk=
github.com/intdxdt/mbr v1.0.0/go.mod h1:uXexpyXa+e2CojlaEdT6NAIbzRQh+Egt3m7rTo9x6Yc=
github.com/intdxdt/mbr v1.4.0 h1:h8XjvzrpxjpyLPUkDP4xt3RP3dFVFVIpQAZT64m0SFg=
github.com/intdxdt/mbr v1.4.0/go.mod h1:YmAtNvzc+4tkYyaMZwqamS0Y0U04t2HzmpDKdRBCAUM=
github.com/intdxdt/robust v1.0.0 h1:x5pNk5s7wF4I2s60zM57XSatrK7QXagOctFjmahrsUU=
github.com/intdxdt/robust v1.0.0/go.mod h1:uIGXMmYcuFItUjeG37oxt0x7RFXdL4MEfXP4uVstLZ0=
github.com/intdxdt/robust v1.0.1 h1:WyyYY3C011oBAYFzBQodY+edhJTalSTrGQIEL+fZgFk=
github.com/intdxdt/robust v1.0.1/go.mod h1:vfmLO6zLX5kmDeZpZ1RwShtncYZszKySQVk8aOdaNOk=
github.com/intdxdt/twiddle v0.0.0-20180605015803-8a5d3aeb2e67 h1:H6F6uuWZ3AhBasAAnyRfXQrO82EqKmsPR8c0oxS73fQ=
github.com/intdxdt/twiddle v0.0.0-20180605015803-8a5d3aeb2e67/go.mod h1:aos2CXzSXDP82nQmZbxyi3w7TAdnhNZ2kLRm3pI5SjI=
github.com/intdxdt/twiddle v1.0.0/go.mod h1:SOM5zV/wCJBghQXBBoOEqP7r6EqhVqs8E0ohktuN4qo=
golang.org/x/exp v0.0.0-20240213143201-ec583247a57a h1:HinSgX1tJRX3KsL//Gxynpw5CTOAIPhgL4W8PNiIpVE=
golang.org/x/exp v0.0.0-20240213143201-ec583247a57a/go.mod h1:CxmFvTBINI24O/j8iY7H1xHzx2i4OsyguNBmN/uPtqc=
